Microsoft Visual Studio Solution File, Format Version 12.00
# Visual Studio Version 17
VisualStudioVersion = 17.5.2.0
MinimumVisualStudioVersion = 10.0.40219.1
Project("{FAE04EC0-301F-11D3-BF4B-00C04F79EFBC}") = "validatabletype-on-records", "validatabletype-on-records.csproj", "{0AAB136F-D240-31EB-CC16-FF3133475E8E}"
EndProject
Global
	GlobalSection(SolutionConfigurationPlatforms) = preSolution
		Debug|Any CPU = Debug|Any CPU
		Release|Any CPU = Release|Any CPU
	EndGlobalSection
	GlobalSection(ProjectConfigurationPlatforms) = postSolution
		{0AAB136F-D240-31EB-CC16-FF3133475E8E}.Debug|Any CPU.ActiveCfg = Debug|Any CPU
		{0AAB136F-D240-31EB-CC16-FF3133475E8E}.Debug|Any CPU.Build.0 = Debug|Any CPU
		{0AAB136F-D240-31EB-CC16-FF3133475E8E}.Release|Any CPU.ActiveCfg = Release|Any CPU
		{0AAB136F-D240-31EB-CC16-FF3133475E8E}.Release|Any CPU.Build.0 = Release|Any CPU
	EndGlobalSection
	GlobalSection(SolutionProperties) = preSolution
		HideSolutionNode = FALSE
	EndGlobalSection
	GlobalSection(ExtensibilityGlobals) = postSolution
		SolutionGuid = {A84EC1F3-298D-4C73-805F-B4FCF3AD7847}
	EndGlobalSection
EndGlobal
